
Microsoft Visual Studio Solution File, Format Version 12.00
# Visual Studio Version 16
VisualStudioVersion = 16.0.31911.196
MinimumVisualStudioVersion = 10.0.40219.1
Project("{FAE04EC0-301F-11D3-BF4B-00C04F79EFBC}") = "DemoEkzSmirnovaKat", "DemoEkzSmirnovaKat.csproj", "{B4D1F661-D860-49C1-BC0C-88EF04B1FAC9}"
EndProject
Global
	GlobalSection(SolutionConfigurationPlatforms) = preSolution
		Debug|Any CPU = Debug|Any CPU
		Release|Any CPU = Release|Any CPU
	EndGlobalSection
	GlobalSection(ProjectConfigurationPlatforms) = postSolution
		{B4D1F661-D860-49C1-BC0C-88EF04B1FAC9}.Debug|Any CPU.ActiveCfg = Debug|Any CPU
		{B4D1F661-D860-49C1-BC0C-88EF04B1FAC9}.Debug|Any CPU.Build.0 = Debug|Any CPU
		{B4D1F661-D860-49C1-BC0C-88EF04B1FAC9}.Release|Any CPU.ActiveCfg = Release|Any CPU
		{B4D1F661-D860-49C1-BC0C-88EF04B1FAC9}.Release|Any CPU.Build.0 = Release|Any CPU
	EndGlobalSection
	GlobalSection(SolutionProperties) = preSolution
		HideSolutionNode = FALSE
	EndGlobalSection
	GlobalSection(ExtensibilityGlobals) = postSolution
		SolutionGuid = {3B516CBB-B0F7-4715-B412-C024959EB503}
	EndGlobalSection
EndGlobal
